{
  "nodes": {
    "home-manager": {
      "inputs": {
        "nixpkgs": [
          "nixpkgs"
        ]
      },
      "locked": {
        "lastModified": 1758463745,
        "narHash": "sha256-uhzsV0Q0I9j2y/rfweWeGif5AWe0MGrgZ/3TjpDYdGA=",
        "owner": "nix-community",
        "repo": "home-manager",
        "rev": "3b955f5f0a942f9f60cdc9cacb7844335d0f21c3",
        "type": "github"
      },
      "original": {
        "owner": "nix-community",
        "ref": "release-25.05",
        "repo": "home-manager",
        "type": "github"
      }
    },
    "nix-nvim": {
      "inputs": {
        "nixCats": "nixCats",
        "nixpkgs": "nixpkgs"
      },
      "locked": {
        "lastModified": 1760383521,
        "narHash": "sha256-rghTZh+LZ5+FAQkGbb2e4R+9BkU4P/ttRescqYuzc3A=",
        "owner": "str1x",
        "repo": "nix-nvim",
        "rev": "f2a0512b10dc6c4cc45d2535e27b2f94e7c090fb",
        "type": "github"
      },
      "original": {
        "owner": "str1x",
        "repo": "nix-nvim",
        "type": "github"
      }
    },
    "nixCats": {
      "locked": {
        "lastModified": 1759730516,
        "narHash": "sha256-AzHKcP3v/CXnjXWqC18zB9uJ33Qe9gZBFFLXkNvK3WY=",
        "owner": "BirdeeHub",
        "repo": "nixCats-nvim",
        "rev": "c7be94d69a52b3b11e76e1ef82db88a2222144c6",
        "type": "github"
      },
      "original": {
        "owner": "BirdeeHub",
        "repo": "nixCats-nvim",
        "type": "github"
      }
    },
    "nixpkgs": {
      "locked": {
        "lastModified": 1759632233,
        "narHash": "sha256-krgZxGAIIIKFJS+UB0l8do3sYUDWJc75M72tepmVMzE=",
        "owner": "nixos",
        "repo": "nixpkgs",
        "rev": "d7f52a7a640bc54c7bb414cca603835bf8dd4b10",
        "type": "github"
      },
      "original": {
        "owner": "nixos",
        "ref": "nixpkgs-unstable",
        "repo": "nixpkgs",
        "type": "github"
      }
    },
    "nixpkgs_2": {
      "locked": {
        "lastModified": 1760139962,
        "narHash": "sha256-4xggC56Rub3WInz5eD7EZWXuLXpNvJiUPahGtMkwtuc=",
        "owner": "NixOS",
        "repo": "nixpkgs",
        "rev": "7e297ddff44a3cc93673bb38d0374df8d0ad73e4",
        "type": "github"
      },
      "original": {
        "owner": "NixOS",
        "ref": "nixos-25.05",
        "repo": "nixpkgs",
        "type": "github"
      }
    },
    "root": {
      "inputs": {
        "home-manager": "home-manager",
        "nix-nvim": "nix-nvim",
        "nixpkgs": "nixpkgs_2"
      }
    }
  },
  "root": "root",
  "version": 7
}
